// !$*UTF8*$!
{
	archiveVersion = 1;
	classes = {
	};
	objectVersion = 52;
	objects = {

/* Begin PBXBuildFile section */
		B718F4DB26C31C420058AF2E /* ArticuloCard.swift in Sources */ = {isa = PBXBuildFile; fileRef = B718F4DA26C31C420058AF2E /* ArticuloCard.swift */; };
		B718F4DE26C7FEC40058AF2E /* ArticuloList.swift in Sources */ = {isa = PBXBuildFile; fileRef = B718F4DD26C7FEC40058AF2E /* ArticuloList.swift */; };
		B72A6D4326B6E9450003CF24 /* MocksData.swift in Sources */ = {isa = PBXBuildFile; fileRef = B72A6D4226B6E9450003CF24 /* MocksData.swift */; };
		B72A6D7B26BEDFAE0003CF24 /* CustomColors.swift in Sources */ = {isa = PBXBuildFile; fileRef = B72A6D7A26BEDFAE0003CF24 /* CustomColors.swift */; };
		B72A6D8426BEF6650003CF24 /* CardStyles.swift in Sources */ = {isa = PBXBuildFile; fileRef = B72A6D8326BEF6650003CF24 /* CardStyles.swift */; };
		B72A6D8726BEFAA80003CF24 /* CenterTitle.swift in Sources */ = {isa = PBXBuildFile; fileRef = B72A6D8626BEFAA80003CF24 /* CenterTitle.swift */; };
		B72A6D8E26BF1E770003CF24 /* VideoList.swift in Sources */ = {isa = PBXBuildFile; fileRef = B72A6D8D26BF1E770003CF24 /* VideoList.swift */; };
		B72A6D9226BF21F90003CF24 /* CentroDeArticulosView.swift in Sources */ = {isa = PBXBuildFile; fileRef = B72A6D9126BF21F90003CF24 /* CentroDeArticulosView.swift */; };
		B72A6D9626BF223C0003CF24 /* CentroView.swift in Sources */ = {isa = PBXBuildFile; fileRef = B72A6D9526BF223C0003CF24 /* CentroView.swift */; };
		B72A6D9926C02CE90003CF24 /* ArticuloModel.swift in Sources */ = {isa = PBXBuildFile; fileRef = B72A6D9826C02CE90003CF24 /* ArticuloModel.swift */; };
		B72A6D9C26C02EE10003CF24 /* ArticuloViewModel.swift in Sources */ = {isa = PBXBuildFile; fileRef = B72A6D9B26C02EE10003CF24 /* ArticuloViewModel.swift */; };
		B72A6D9F26C031530003CF24 /* GetArticulosQueryService.swift in Sources */ = {isa = PBXBuildFile; fileRef = B72A6D9E26C031530003CF24 /* GetArticulosQueryService.swift */; };
		B72A6DA326C032190003CF24 /* Networking.swift in Sources */ = {isa = PBXBuildFile; fileRef = B72A6DA226C032190003CF24 /* Networking.swift */; };
		B7559F9626ADB81400EDAF46 /* Universidad_De_BastosApp.swift in Sources */ = {isa = PBXBuildFile; fileRef = B7559F9526ADB81400EDAF46 /* Universidad_De_BastosApp.swift */; };
		B7559F9826ADB81400EDAF46 /* ContentView.swift in Sources */ = {isa = PBXBuildFile; fileRef = B7559F9726ADB81400EDAF46 /* ContentView.swift */; };
		B7559F9A26ADB81700EDAF46 /* Assets.xcassets in Resources */ = {isa = PBXBuildFile; fileRef = B7559F9926ADB81700EDAF46 /* Assets.xcassets */; };
		B7559F9D26ADB81700EDAF46 /* Preview Assets.xcassets in Resources */ = {isa = PBXBuildFile; fileRef = B7559F9C26ADB81700EDAF46 /* Preview Assets.xcassets */; };
		B75DDB2426B598F7007FE393 /* VideoViewModel.swift in Sources */ = {isa = PBXBuildFile; fileRef = B75DDB2326B598F7007FE393 /* VideoViewModel.swift */; };
		B75DDB2826B5BE54007FE393 /* VideoPreview.swift in Sources */ = {isa = PBXBuildFile; fileRef = B75DDB2726B5BE54007FE393 /* VideoPreview.swift */; };
		B75DDB2C26B5EFBB007FE393 /* AsyncImage in Frameworks */ = {isa = PBXBuildFile; productRef = B75DDB2B26B5EFBB007FE393 /* AsyncImage */; };
		B75DDB3026B6DDA7007FE393 /* URLImageStore in Frameworks */ = {isa = PBXBuildFile; productRef = B75DDB2F26B6DDA7007FE393 /* URLImageStore */; };
		B75DDB3226B6DDA7007FE393 /* URLImage in Frameworks */ = {isa = PBXBuildFile; productRef = B75DDB3126B6DDA7007FE393 /* URLImage */; };
		B75DDB3526B6DF10007FE393 /* RemoteImage.swift in Sources */ = {isa = PBXBuildFile; fileRef = B75DDB3426B6DF10007FE393 /* RemoteImage.swift */; };
		B7AD710F26C8131A003B7C90 /* BottomTabs.swift in Sources */ = {isa = PBXBuildFile; fileRef = B7AD710E26C8131A003B7C90 /* BottomTabs.swift */; };
		B7AD711226C81AFA003B7C90 /* ReadButton.swift in Sources */ = {isa = PBXBuildFile; fileRef = B7AD711126C81AFA003B7C90 /* ReadButton.swift */; };
		B7AD711C26C83652003B7C90 /* CentroDeLibrosView.swift in Sources */ = {isa = PBXBuildFile; fileRef = B7AD711B26C83652003B7C90 /* CentroDeLibrosView.swift */; };
		B7AD711F26C837BA003B7C90 /* LibroModel.swift in Sources */ = {isa = PBXBuildFile; fileRef = B7AD711E26C837BA003B7C90 /* LibroModel.swift */; };
		B7AD712226C839CB003B7C90 /* LibroViewModel.swift in Sources */ = {isa = PBXBuildFile; fileRef = B7AD712126C839CB003B7C90 /* LibroViewModel.swift */; };
		B7AD712626C83A53003B7C90 /* GetLibrosQueryService.swift in Sources */ = {isa = PBXBuildFile; fileRef = B7AD712526C83A53003B7C90 /* GetLibrosQueryService.swift */; };
		B7AD712A26C967E1003B7C90 /* LibroCard.swift in Sources */ = {isa = PBXBuildFile; fileRef = B7AD712926C967E1003B7C90 /* LibroCard.swift */; };
		B7AD712D26C96FB0003B7C90 /* GetBookButton.swift in Sources */ = {isa = PBXBuildFile; fileRef = B7AD712C26C96FB0003B7C90 /* GetBookButton.swift */; };
		B7AD713026C97741003B7C90 /* IsReadButton.swift in Sources */ = {isa = PBXBuildFile; fileRef = B7AD712F26C97741003B7C90 /* IsReadButton.swift */; };
		B7AD713326C97AFE003B7C90 /* LibroList.swift in Sources */ = {isa = PBXBuildFile; fileRef = B7AD713226C97AFE003B7C90 /* LibroList.swift */; };
		B7AD713626CDBCB4003B7C90 /* VideoFilterModal.swift in Sources */ = {isa = PBXBuildFile; fileRef = B7AD713526CDBCB4003B7C90 /* VideoFilterModal.swift */; };
		B7AD713D26D15FF2003B7C90 /* FilterDropDown.swift in Sources */ = {isa = PBXBuildFile; fileRef = B7AD713C26D15FF2003B7C90 /* FilterDropDown.swift */; };
		B7D47CDB26ADBCF00027A8BA /* CentroDeVideosView.swift in Sources */ = {isa = PBXBuildFile; fileRef = B7D47CDA26ADBCF00027A8BA /* CentroDeVideosView.swift */; };
		B7D47CE026ADBD7C0027A8BA /* getVideos.swift in Sources */ = {isa = PBXBuildFile; fileRef = B7D47CDF26ADBD7C0027A8BA /* getVideos.swift */; };
		B7D47CE526ADEBCD0027A8BA /* VideoModel.swift in Sources */ = {isa = PBXBuildFile; fileRef = B7D47CE426ADEBCD0027A8BA /* VideoModel.swift */; };
		B7DEC8CC26D284F6002B3A4B /* NoVideosEmptyState.swift in Sources */ = {isa = PBXBuildFile; fileRef = B7DEC8CB26D284F5002B3A4B /* NoVideosEmptyState.swift */; };
		B7DEC8CF26D29024002B3A4B /* BastosButton.swift in Sources */ = {isa = PBXBuildFile; fileRef = B7DEC8CE26D29024002B3A4B /* BastosButton.swift */; };
		B7DEC8DD26D2ABF2002B3A4B /* ArticulosFilterModal.swift in Sources */ = {isa = PBXBuildFile; fileRef = B7DEC8DC26D2ABF2002B3A4B /* ArticulosFilterModal.swift */; };
		B7DEC8E026D2AC30002B3A4B /* FilterButton.swift in Sources */ = {isa = PBXBuildFile; fileRef = B7DEC8DF26D2AC30002B3A4B /* FilterButton.swift */; };
		B7DEC8E426D2B07B002B3A4B /* DataViewModel.swift in Sources */ = {isa = PBXBuildFile; fileRef = B7DEC8E326D2B07B002B3A4B /* DataViewModel.swift */; };
/* End PBXBuildFile section */

/* Begin PBXFileReference section */
		B718F4DA26C31C420058AF2E /* ArticuloCard.swift */ = {isa = PBXFileReference; lastKnownFileType = sourcecode.swift; path = ArticuloCard.swift; sourceTree = "<group>"; };
		B718F4DD26C7FEC40058AF2E /* ArticuloList.swift */ = {isa = PBXFileReference; lastKnownFileType = sourcecode.swift; path = ArticuloList.swift; sourceTree = "<group>"; };
		B72A6D4226B6E9450003CF24 /* MocksData.swift */ = {isa = PBXFileReference; lastKnownFileType = sourcecode.swift; path = MocksData.swift; sourceTree = "<group>"; };
		B72A6D7A26BEDFAE0003CF24 /* CustomColors.swift */ = {isa = PBXFileReference; lastKnownFileType = sourcecode.swift; path = CustomColors.swift; sourceTree = "<group>"; };
		B72A6D8326BEF6650003CF24 /* CardStyles.swift */ = {isa = PBXFileReference; lastKnownFileType = sourcecode.swift; path = CardStyles.swift; sourceTree = "<group>"; };
		B72A6D8626BEFAA80003CF24 /* CenterTitle.swift */ = {isa = PBXFileReference; lastKnownFileType = sourcecode.swift; path = CenterTitle.swift; sourceTree = "<group>"; };
		B72A6D8D26BF1E770003CF24 /* VideoList.swift */ = {isa = PBXFileReference; lastKnownFileType = sourcecode.swift; path = VideoList.swift; sourceTree = "<group>"; };
		B72A6D9126BF21F90003CF24 /* CentroDeArticulosView.swift */ = {isa = PBXFileReference; lastKnownFileType = sourcecode.swift; path = CentroDeArticulosView.swift; sourceTree = "<group>"; };
		B72A6D9526BF223C0003CF24 /* CentroView.swift */ = {isa = PBXFileReference; lastKnownFileType = sourcecode.swift; path = CentroView.swift; sourceTree = "<group>"; };
		B72A6D9826C02CE90003CF24 /* ArticuloModel.swift */ = {isa = PBXFileReference; lastKnownFileType = sourcecode.swift; path = ArticuloModel.swift; sourceTree = "<group>"; };
		B72A6D9B26C02EE10003CF24 /* ArticuloViewModel.swift */ = {isa = PBXFileReference; lastKnownFileType = sourcecode.swift; path = ArticuloViewModel.swift; sourceTree = "<group>"; };
		B72A6D9E26C031530003CF24 /* GetArticulosQueryService.swift */ = {isa = PBXFileReference; lastKnownFileType = sourcecode.swift; path = GetArticulosQueryService.swift; sourceTree = "<group>"; };
		B72A6DA226C032190003CF24 /* Networking.swift */ = {isa = PBXFileReference; lastKnownFileType = sourcecode.swift; path = Networking.swift; sourceTree = "<group>"; };
		B7559F9226ADB81400EDAF46 /* Universidad De Bastos.app */ = {isa = PBXFileReference; explicitFileType = wrapper.application; includeInIndex = 0; path = "Universidad De Bastos.app"; sourceTree = BUILT_PRODUCTS_DIR; };
		B7559F9526ADB81400EDAF46 /* Universidad_De_BastosApp.swift */ = {isa = PBXFileReference; lastKnownFileType = sourcecode.swift; path = Universidad_De_BastosApp.swift; sourceTree = "<group>"; };
		B7559F9726ADB81400EDAF46 /* ContentView.swift */ = {isa = PBXFileReference; lastKnownFileType = sourcecode.swift; path = ContentView.swift; sourceTree = "<group>"; };
		B7559F9926ADB81700EDAF46 /* Assets.xcassets */ = {isa = PBXFileReference; lastKnownFileType = folder.assetcatalog; path = Assets.xcassets; sourceTree = "<group>"; };
		B7559F9C26ADB81700EDAF46 /* Preview Assets.xcassets */ = {isa = PBXFileReference; lastKnownFileType = folder.assetcatalog; path = "Preview Assets.xcassets"; sourceTree = "<group>"; };
		B7559F9E26ADB81700EDAF46 /* Info.plist */ = {isa = PBXFileReference; lastKnownFileType = text.plist.xml; path = Info.plist; sourceTree = "<group>"; };
		B75DDB2326B598F7007FE393 /* VideoViewModel.swift */ = {isa = PBXFileReference; lastKnownFileType = sourcecode.swift; path = VideoViewModel.swift; sourceTree = "<group>"; };
		B75DDB2726B5BE54007FE393 /* VideoPreview.swift */ = {isa = PBXFileReference; lastKnownFileType = sourcecode.swift; path = VideoPreview.swift; sourceTree = "<group>"; };
		B75DDB3426B6DF10007FE393 /* RemoteImage.swift */ = {isa = PBXFileReference; lastKnownFileType = sourcecode.swift; path = RemoteImage.swift; sourceTree = "<group>"; };
		B7AD710E26C8131A003B7C90 /* BottomTabs.swift */ = {isa = PBXFileReference; lastKnownFileType = sourcecode.swift; path = BottomTabs.swift; sourceTree = "<group>"; };
		B7AD711126C81AFA003B7C90 /* ReadButton.swift */ = {isa = PBXFileReference; lastKnownFileType = sourcecode.swift; path = ReadButton.swift; sourceTree = "<group>"; };
		B7AD711B26C83652003B7C90 /* CentroDeLibrosView.swift */ = {isa = PBXFileReference; lastKnownFileType = sourcecode.swift; path = CentroDeLibrosView.swift; sourceTree = "<group>"; };
		B7AD711E26C837BA003B7C90 /* LibroModel.swift */ = {isa = PBXFileReference; lastKnownFileType = sourcecode.swift; path = LibroModel.swift; sourceTree = "<group>"; };
		B7AD712126C839CB003B7C90 /* LibroViewModel.swift */ = {isa = PBXFileReference; lastKnownFileType = sourcecode.swift; path = LibroViewModel.swift; sourceTree = "<group>"; };
		B7AD712526C83A53003B7C90 /* GetLibrosQueryService.swift */ = {isa = PBXFileReference; lastKnownFileType = sourcecode.swift; path = GetLibrosQueryService.swift; sourceTree = "<group>"; };
		B7AD712926C967E1003B7C90 /* LibroCard.swift */ = {isa = PBXFileReference; lastKnownFileType = sourcecode.swift; path = LibroCard.swift; sourceTree = "<group>"; };
		B7AD712C26C96FB0003B7C90 /* GetBookButton.swift */ = {isa = PBXFileReference; lastKnownFileType = sourcecode.swift; path = GetBookButton.swift; sourceTree = "<group>"; };
		B7AD712F26C97741003B7C90 /* IsReadButton.swift */ = {isa = PBXFileReference; lastKnownFileType = sourcecode.swift; path = IsReadButton.swift; sourceTree = "<group>"; };
		B7AD713226C97AFE003B7C90 /* LibroList.swift */ = {isa = PBXFileReference; lastKnownFileType = sourcecode.swift; path = LibroList.swift; sourceTree = "<group>"; };
		B7AD713526CDBCB4003B7C90 /* VideoFilterModal.swift */ = {isa = PBXFileReference; lastKnownFileType = sourcecode.swift; path = VideoFilterModal.swift; sourceTree = "<group>"; };
		B7AD713C26D15FF2003B7C90 /* FilterDropDown.swift */ = {isa = PBXFileReference; lastKnownFileType = sourcecode.swift; path = FilterDropDown.swift; sourceTree = "<group>"; };
		B7D47CDA26ADBCF00027A8BA /* CentroDeVideosView.swift */ = {isa = PBXFileReference; lastKnownFileType = sourcecode.swift; path = CentroDeVideosView.swift; sourceTree = "<group>"; };
		B7D47CDF26ADBD7C0027A8BA /* getVideos.swift */ = {isa = PBXFileReference; lastKnownFileType = sourcecode.swift; path = getVideos.swift; sourceTree = "<group>"; };
		B7D47CE426ADEBCD0027A8BA /* VideoModel.swift */ = {isa = PBXFileReference; lastKnownFileType = sourcecode.swift; path = VideoModel.swift; sourceTree = "<group>"; };
		B7DEC8CB26D284F5002B3A4B /* NoVideosEmptyState.swift */ = {isa = PBXFileReference; lastKnownFileType = sourcecode.swift; path = NoVideosEmptyState.swift; sourceTree = "<group>"; };
		B7DEC8CE26D29024002B3A4B /* BastosButton.swift */ = {isa = PBXFileReference; lastKnownFileType = sourcecode.swift; path = BastosButton.swift; sourceTree = "<group>"; };
		B7DEC8DC26D2ABF2002B3A4B /* ArticulosFilterModal.swift */ = {isa = PBXFileReference; lastKnownFileType = sourcecode.swift; path = ArticulosFilterModal.swift; sourceTree = "<group>"; };
		B7DEC8DF26D2AC30002B3A4B /* FilterButton.swift */ = {isa = PBXFileReference; lastKnownFileType = sourcecode.swift; path = FilterButton.swift; sourceTree = "<group>"; };
		B7DEC8E326D2B07B002B3A4B /* DataViewModel.swift */ = {isa = PBXFileReference; lastKnownFileType = sourcecode.swift; path = DataViewModel.swift; sourceTree = "<group>"; };
/* End PBXFileReference section */

/* Begin PBXFrameworksBuildPhase section */
		B7559F8F26ADB81400EDAF46 /* Frameworks */ = {
			isa = PBXFrameworksBuildPhase;
			buildActionMask = 2147483647;
			files = (
				B75DDB3026B6DDA7007FE393 /* URLImageStore in Frameworks */,
				B75DDB3226B6DDA7007FE393 /* URLImage in Frameworks */,
				B75DDB2C26B5EFBB007FE393 /* AsyncImage in Frameworks */,
			);
			runOnlyForDeploymentPostprocessing = 0;
		};
/* End PBXFrameworksBuildPhase section */

/* Begin PBXGroup section */
		B718F4E026C8039A0058AF2E /* Articulos */ = {
			isa = PBXGroup;
			children = (
				B72A6D9826C02CE90003CF24 /* ArticuloModel.swift */,
			);
			path = Articulos;
			sourceTree = "<group>";
		};
		B72A6D4026B6E92C0003CF24 /* Shared */ = {
			isa = PBXGroup;
			children = (
				B7DEC8D126D29C78002B3A4B /* Helpers */,
				B72A6D7926BEDF960003CF24 /* Styles */,
				B72A6D4126B6E9310003CF24 /* Mocks */,
			);
			path = Shared;
			sourceTree = "<group>";
		};
		B72A6D4126B6E9310003CF24 /* Mocks */ = {
			isa = PBXGroup;
			children = (
				B72A6D4226B6E9450003CF24 /* MocksData.swift */,
			);
			path = Mocks;
			sourceTree = "<group>";
		};
		B72A6D7926BEDF960003CF24 /* Styles */ = {
			isa = PBXGroup;
			children = (
				B72A6D7A26BEDFAE0003CF24 /* CustomColors.swift */,
				B72A6D8326BEF6650003CF24 /* CardStyles.swift */,
			);
			path = Styles;
			sourceTree = "<group>";
		};
		B72A6D9026BF21DA0003CF24 /* CentroDeArticulos */ = {
			isa = PBXGroup;
			children = (
				B72A6D9126BF21F90003CF24 /* CentroDeArticulosView.swift */,
				B718F4DA26C31C420058AF2E /* ArticuloCard.swift */,
				B718F4DD26C7FEC40058AF2E /* ArticuloList.swift */,
				B7AD711126C81AFA003B7C90 /* ReadButton.swift */,
				B7DEC8DC26D2ABF2002B3A4B /* ArticulosFilterModal.swift */,
			);
			path = CentroDeArticulos;
			sourceTree = "<group>";
		};
		B72A6DA126C031570003CF24 /* Articulos */ = {
			isa = PBXGroup;
			children = (
				B72A6D9E26C031530003CF24 /* GetArticulosQueryService.swift */,
			);
			path = Articulos;
			sourceTree = "<group>";
		};
		B7559F8926ADB81400EDAF46 = {
			isa = PBXGroup;
			children = (
				B7559F9426ADB81400EDAF46 /* Universidad De Bastos */,
				B7559F9326ADB81400EDAF46 /* Products */,
			);
			sourceTree = "<group>";
		};
		B7559F9326ADB81400EDAF46 /* Products */ = {
			isa = PBXGroup;
			children = (
				B7559F9226ADB81400EDAF46 /* Universidad De Bastos.app */,
			);
			name = Products;
			sourceTree = "<group>";
		};
		B7559F9426ADB81400EDAF46 /* Universidad De Bastos */ = {
			isa = PBXGroup;
			children = (
				B7DEC8E226D2B062002B3A4B /* Protocols */,
				B72A6D4026B6E92C0003CF24 /* Shared */,
				B75DDB2226B598D9007FE393 /* ViewModels */,
				B7D47CD826ADBC970027A8BA /* Views */,
				B7D47CD726ADBC8C0027A8BA /* Network */,
				B7D47CD626ADBC5E0027A8BA /* Models */,
				B7559F9526ADB81400EDAF46 /* Universidad_De_BastosApp.swift */,
				B7559F9726ADB81400EDAF46 /* ContentView.swift */,
				B7559F9926ADB81700EDAF46 /* Assets.xcassets */,
				B7559F9E26ADB81700EDAF46 /* Info.plist */,
				B7559F9B26ADB81700EDAF46 /* Preview Content */,
			);
			path = "Universidad De Bastos";
			sourceTree = "<group>";
		};
		B7559F9B26ADB81700EDAF46 /* Preview Content */ = {
			isa = PBXGroup;
			children = (
				B7559F9C26ADB81700EDAF46 /* Preview Assets.xcassets */,
			);
			path = "Preview Content";
			sourceTree = "<group>";
		};
		B75DDB2226B598D9007FE393 /* ViewModels */ = {
			isa = PBXGroup;
			children = (
				B75DDB2326B598F7007FE393 /* VideoViewModel.swift */,
				B72A6D9B26C02EE10003CF24 /* ArticuloViewModel.swift */,
				B7AD712126C839CB003B7C90 /* LibroViewModel.swift */,
			);
			path = ViewModels;
			sourceTree = "<group>";
		};
		B75DDB3726B6DF1E007FE393 /* Shared */ = {
			isa = PBXGroup;
			children = (
				B75DDB3426B6DF10007FE393 /* RemoteImage.swift */,
				B72A6D8626BEFAA80003CF24 /* CenterTitle.swift */,
				B72A6D9526BF223C0003CF24 /* CentroView.swift */,
				B72A6DA226C032190003CF24 /* Networking.swift */,
				B7AD710E26C8131A003B7C90 /* BottomTabs.swift */,
				B7AD713C26D15FF2003B7C90 /* FilterDropDown.swift */,
				B7DEC8CE26D29024002B3A4B /* BastosButton.swift */,
				B7DEC8DF26D2AC30002B3A4B /* FilterButton.swift */,
			);
			path = Shared;
			sourceTree = "<group>";
		};
		B7AD711426C835CB003B7C90 /* CentroDeLibros */ = {
			isa = PBXGroup;
			children = (
				B7AD711B26C83652003B7C90 /* CentroDeLibrosView.swift */,
				B7AD712926C967E1003B7C90 /* LibroCard.swift */,
				B7AD712C26C96FB0003B7C90 /* GetBookButton.swift */,
				B7AD712F26C97741003B7C90 /* IsReadButton.swift */,
				B7AD713226C97AFE003B7C90 /* LibroList.swift */,
			);
			path = CentroDeLibros;
			sourceTree = "<group>";
		};
		B7AD711526C835E6003B7C90 /* Libros */ = {
			isa = PBXGroup;
			children = (
				B7AD711E26C837BA003B7C90 /* LibroModel.swift */,
			);
			path = Libros;
			sourceTree = "<group>";
		};
		B7AD712426C83A29003B7C90 /* Libros */ = {
			isa = PBXGroup;
			children = (
				B7AD712526C83A53003B7C90 /* GetLibrosQueryService.swift */,
			);
			path = Libros;
			sourceTree = "<group>";
		};
		B7D47CD626ADBC5E0027A8BA /* Models */ = {
			isa = PBXGroup;
			children = (
				B7AD711526C835E6003B7C90 /* Libros */,
				B718F4E026C8039A0058AF2E /* Articulos */,
				B7D47CE326ADEBB20027A8BA /* Videos */,
			);
			path = Models;
			sourceTree = "<group>";
		};
		B7D47CD726ADBC8C0027A8BA /* Network */ = {
			isa = PBXGroup;
			children = (
				B7AD712426C83A29003B7C90 /* Libros */,
				B72A6DA126C031570003CF24 /* Articulos */,
				B7D47CDE26ADBD5D0027A8BA /* Videos */,
			);
			path = Network;
			sourceTree = "<group>";
		};
		B7D47CD826ADBC970027A8BA /* Views */ = {
			isa = PBXGroup;
			children = (
				B7AD711426C835CB003B7C90 /* CentroDeLibros */,
				B72A6D9026BF21DA0003CF24 /* CentroDeArticulos */,
				B75DDB3726B6DF1E007FE393 /* Shared */,
				B7D47CD926ADBCDA0027A8BA /* CentroDeVideos */,
			);
			path = Views;
			sourceTree = "<group>";
		};
		B7D47CD926ADBCDA0027A8BA /* CentroDeVideos */ = {
			isa = PBXGroup;
			children = (
				B75DDB2726B5BE54007FE393 /* VideoPreview.swift */,
				B7D47CDA26ADBCF00027A8BA /* CentroDeVideosView.swift */,
				B72A6D8D26BF1E770003CF24 /* VideoList.swift */,
				B7AD713526CDBCB4003B7C90 /* VideoFilterModal.swift */,
				B7DEC8CB26D284F5002B3A4B /* NoVideosEmptyState.swift */,
			);
			path = CentroDeVideos;
			sourceTree = "<group>";
		};
		B7D47CDE26ADBD5D0027A8BA /* Videos */ = {
			isa = PBXGroup;
			children = (
				B7D47CDF26ADBD7C0027A8BA /* getVideos.swift */,
			);
			path = Videos;
			sourceTree = "<group>";
		};
		B7D47CE326ADEBB20027A8BA /* Videos */ = {
			isa = PBXGroup;
			children = (
				B7D47CE426ADEBCD0027A8BA /* VideoModel.swift */,
			);
			path = Videos;
			sourceTree = "<group>";
		};
		B7DEC8D126D29C78002B3A4B /* Helpers */ = {
			isa = PBXGroup;
			children = (
			);
			path = Helpers;
			sourceTree = "<group>";
		};
		B7DEC8E226D2B062002B3A4B /* Protocols */ = {
			isa = PBXGroup;
			children = (
				B7DEC8E326D2B07B002B3A4B /* DataViewModel.swift */,
			);
			path = Protocols;
			sourceTree = "<group>";
		};
/* End PBXGroup section */

/* Begin PBXNativeTarget section */
		B7559F9126ADB81400EDAF46 /* Universidad De Bastos */ = {
			isa = PBXNativeTarget;
			buildConfigurationList = B7559FA126ADB81700EDAF46 /* Build configuration list for PBXNativeTarget "Universidad De Bastos" */;
			buildPhases = (
				B7559F8E26ADB81400EDAF46 /* Sources */,
				B7559F8F26ADB81400EDAF46 /* Frameworks */,
				B7559F9026ADB81400EDAF46 /* Resources */,
			);
			buildRules = (
			);
			dependencies = (
			);
			name = "Universidad De Bastos";
			packageProductDependencies = (
				B75DDB2B26B5EFBB007FE393 /* AsyncImage */,
				B75DDB2F26B6DDA7007FE393 /* URLImageStore */,
				B75DDB3126B6DDA7007FE393 /* URLImage */,
			);
			productName = "Universidad De Bastos";
			productReference = B7559F9226ADB81400EDAF46 /* Universidad De Bastos.app */;
			productType = "com.apple.product-type.application";
		};
/* End PBXNativeTarget section */

/* Begin PBXProject section */
		B7559F8A26ADB81400EDAF46 /* Project object */ = {
			isa = PBXProject;
			attributes = {
				LastSwiftUpdateCheck = 1240;
				LastUpgradeCheck = 1240;
				TargetAttributes = {
					B7559F9126ADB81400EDAF46 = {
						CreatedOnToolsVersion = 12.4;
					};
				};
			};
			buildConfigurationList = B7559F8D26ADB81400EDAF46 /* Build configuration list for PBXProject "Universidad De Bastos" */;
			compatibilityVersion = "Xcode 9.3";
			developmentRegion = en;
			hasScannedForEncodings = 0;
			knownRegions = (
				en,
				Base,
			);
			mainGroup = B7559F8926ADB81400EDAF46;
			packageReferences = (
				B75DDB2A26B5EFBB007FE393 /* XCRemoteSwiftPackageReference "AsyncImage" */,
				B75DDB2E26B6DDA7007FE393 /* XCRemoteSwiftPackageReference "url-image" */,
			);
			productRefGroup = B7559F9326ADB81400EDAF46 /* Products */;
			projectDirPath = "";
			projectRoot = "";
			targets = (
				B7559F9126ADB81400EDAF46 /* Universidad De Bastos */,
			);
		};
/* End PBXProject section */

/* Begin PBXResourcesBuildPhase section */
		B7559F9026ADB81400EDAF46 /* Resources */ = {
			isa = PBXResourcesBuildPhase;
			buildActionMask = 2147483647;
			files = (
				B7559F9D26ADB81700EDAF46 /* Preview Assets.xcassets in Resources */,
				B7559F9A26ADB81700EDAF46 /* Assets.xcassets in Resources */,
			);
			runOnlyForDeploymentPostprocessing = 0;
		};
/* End PBXResourcesBuildPhase section */

/* Begin PBXSourcesBuildPhase section */
		B7559F8E26ADB81400EDAF46 /* Sources */ = {
			isa = PBXSourcesBuildPhase;
			buildActionMask = 2147483647;
			files = (
				B72A6DA326C032190003CF24 /* Networking.swift in Sources */,
				B7AD711226C81AFA003B7C90 /* ReadButton.swift in Sources */,
				B7D47CE026ADBD7C0027A8BA /* getVideos.swift in Sources */,
				B718F4DE26C7FEC40058AF2E /* ArticuloList.swift in Sources */,
				B7AD712A26C967E1003B7C90 /* LibroCard.swift in Sources */,
				B7AD713026C97741003B7C90 /* IsReadButton.swift in Sources */,
				B7559F9826ADB81400EDAF46 /* ContentView.swift in Sources */,
				B7AD710F26C8131A003B7C90 /* BottomTabs.swift in Sources */,
				B72A6D9926C02CE90003CF24 /* ArticuloModel.swift in Sources */,
				B7AD712226C839CB003B7C90 /* LibroViewModel.swift in Sources */,
				B72A6D9C26C02EE10003CF24 /* ArticuloViewModel.swift in Sources */,
				B7AD712D26C96FB0003B7C90 /* GetBookButton.swift in Sources */,
				B7DEC8E026D2AC30002B3A4B /* FilterButton.swift in Sources */,
				B7D47CDB26ADBCF00027A8BA /* CentroDeVideosView.swift in Sources */,
				B7AD711F26C837BA003B7C90 /* LibroModel.swift in Sources */,
				B718F4DB26C31C420058AF2E /* ArticuloCard.swift in Sources */,
				B75DDB3526B6DF10007FE393 /* RemoteImage.swift in Sources */,
				B7AD713D26D15FF2003B7C90 /* FilterDropDown.swift in Sources */,
				B72A6D8E26BF1E770003CF24 /* VideoList.swift in Sources */,
				B72A6D9226BF21F90003CF24 /* CentroDeArticulosView.swift in Sources */,
				B7AD711C26C83652003B7C90 /* CentroDeLibrosView.swift in Sources */,
				B7D47CE526ADEBCD0027A8BA /* VideoModel.swift in Sources */,
				B7DEC8E426D2B07B002B3A4B /* DataViewModel.swift in Sources */,
				B75DDB2426B598F7007FE393 /* VideoViewModel.swift in Sources */,
				B7DEC8DD26D2ABF2002B3A4B /* ArticulosFilterModal.swift in Sources */,
				B7DEC8CC26D284F6002B3A4B /* NoVideosEmptyState.swift in Sources */,
				B72A6D9F26C031530003CF24 /* GetArticulosQueryService.swift in Sources */,
				B72A6D7B26BEDFAE0003CF24 /* CustomColors.swift in Sources */,
				B72A6D8726BEFAA80003CF24 /* CenterTitle.swift in Sources */,
				B7DEC8CF26D29024002B3A4B /* BastosButton.swift in Sources */,
				B72A6D4326B6E9450003CF24 /* MocksData.swift in Sources */,
				B72A6D8426BEF6650003CF24 /* CardStyles.swift in Sources */,
				B75DDB2826B5BE54007FE393 /* VideoPreview.swift in Sources */,
				B7AD713626CDBCB4003B7C90 /* VideoFilterModal.swift in Sources */,
				B7AD713326C97AFE003B7C90 /* LibroList.swift in Sources */,
				B7AD712626C83A53003B7C90 /* GetLibrosQueryService.swift in Sources */,
				B72A6D9626BF223C0003CF24 /* CentroView.swift in Sources */,
				B7559F9626ADB81400EDAF46 /* Universidad_De_BastosApp.swift in Sources */,
			);
			runOnlyForDeploymentPostprocessing = 0;
		};
/* End PBXSourcesBuildPhase section */

/* Begin XCBuildConfiguration section */
		B7559F9F26ADB81700EDAF46 /* Debug */ = {
			isa = XCBuildConfiguration;
			buildSettings = {
				ALWAYS_SEARCH_USER_PATHS = NO;
				CLANG_ANALYZER_NONNULL = YES;
				CLANG_ANALYZER_NUMBER_OBJECT_CONVERSION = YES_AGGRESSIVE;
				CLANG_CXX_LANGUAGE_STANDARD = "gnu++14";
				CLANG_CXX_LIBRARY = "libc++";
				CLANG_ENABLE_MODULES = YES;
				CLANG_ENABLE_OBJC_ARC = YES;
				CLANG_ENABLE_OBJC_WEAK = YES;
				CLANG_WARN_BLOCK_CAPTURE_AUTORELEASING = YES;
				CLANG_WARN_BOOL_CONVERSION = YES;
				CLANG_WARN_COMMA = YES;
				CLANG_WARN_CONSTANT_CONVERSION = YES;
				CLANG_WARN_DEPRECATED_OBJC_IMPLEMENTATIONS = YES;
				CLANG_WARN_DIRECT_OBJC_ISA_USAGE = YES_ERROR;
				CLANG_WARN_DOCUMENTATION_COMMENTS = YES;
				CLANG_WARN_EMPTY_BODY = YES;
				CLANG_WARN_ENUM_CONVERSION = YES;
				CLANG_WARN_INFINITE_RECURSION = YES;
				CLANG_WARN_INT_CONVERSION = YES;
				CLANG_WARN_NON_LITERAL_NULL_CONVERSION = YES;
				CLANG_WARN_OBJC_IMPLICIT_RETAIN_SELF = YES;
				CLANG_WARN_OBJC_LITERAL_CONVERSION = YES;
				CLANG_WARN_OBJC_ROOT_CLASS = YES_ERROR;
				CLANG_WARN_QUOTED_INCLUDE_IN_FRAMEWORK_HEADER = YES;
				CLANG_WARN_RANGE_LOOP_ANALYSIS = YES;
				CLANG_WARN_STRICT_PROTOTYPES = YES;
				CLANG_WARN_SUSPICIOUS_MOVE = YES;
				CLANG_WARN_UNGUARDED_AVAILABILITY = YES_AGGRESSIVE;
				CLANG_WARN_UNREACHABLE_CODE = YES;
				CLANG_WARN__DUPLICATE_METHOD_MATCH = YES;
				COPY_PHASE_STRIP = NO;
				DEBUG_INFORMATION_FORMAT = dwarf;
				ENABLE_STRICT_OBJC_MSGSEND = YES;
				ENABLE_TESTABILITY = YES;
				GCC_C_LANGUAGE_STANDARD = gnu11;
				GCC_DYNAMIC_NO_PIC = NO;
				GCC_NO_COMMON_BLOCKS = YES;
				GCC_OPTIMIZATION_LEVEL = 0;
				GCC_PREPROCESSOR_DEFINITIONS = (
					"DEBUG=1",
					"$(inherited)",
				);
				GCC_WARN_64_TO_32_BIT_CONVERSION = YES;
				GCC_WARN_ABOUT_RETURN_TYPE = YES_ERROR;
				GCC_WARN_UNDECLARED_SELECTOR = YES;
				GCC_WARN_UNINITIALIZED_AUTOS = YES_AGGRESSIVE;
				GCC_WARN_UNUSED_FUNCTION = YES;
				GCC_WARN_UNUSED_VARIABLE = YES;
				IPHONEOS_DEPLOYMENT_TARGET = 14.4;
				MTL_ENABLE_DEBUG_INFO = INCLUDE_SOURCE;
				MTL_FAST_MATH = YES;
				ONLY_ACTIVE_ARCH = YES;
				SDKROOT = iphoneos;
				SWIFT_ACTIVE_COMPILATION_CONDITIONS = DEBUG;
				SWIFT_OPTIMIZATION_LEVEL = "-Onone";
			};
			name = Debug;
		};
		B7559FA026ADB81700EDAF46 /* Release */ = {
			isa = XCBuildConfiguration;
			buildSettings = {
				ALWAYS_SEARCH_USER_PATHS = NO;
				CLANG_ANALYZER_NONNULL = YES;
				CLANG_ANALYZER_NUMBER_OBJECT_CONVERSION = YES_AGGRESSIVE;
				CLANG_CXX_LANGUAGE_STANDARD = "gnu++14";
				CLANG_CXX_LIBRARY = "libc++";
				CLANG_ENABLE_MODULES = YES;
				CLANG_ENABLE_OBJC_ARC = YES;
				CLANG_ENABLE_OBJC_WEAK = YES;
				CLANG_WARN_BLOCK_CAPTURE_AUTORELEASING = YES;
				CLANG_WARN_BOOL_CONVERSION = YES;
				CLANG_WARN_COMMA = YES;
				CLANG_WARN_CONSTANT_CONVERSION = YES;
				CLANG_WARN_DEPRECATED_OBJC_IMPLEMENTATIONS = YES;
				CLANG_WARN_DIRECT_OBJC_ISA_USAGE = YES_ERROR;
				CLANG_WARN_DOCUMENTATION_COMMENTS = YES;
				CLANG_WARN_EMPTY_BODY = YES;
				CLANG_WARN_ENUM_CONVERSION = YES;
				CLANG_WARN_INFINITE_RECURSION = YES;
				CLANG_WARN_INT_CONVERSION = YES;
				CLANG_WARN_NON_LITERAL_NULL_CONVERSION = YES;
				CLANG_WARN_OBJC_IMPLICIT_RETAIN_SELF = YES;
				CLANG_WARN_OBJC_LITERAL_CONVERSION = YES;
				CLANG_WARN_OBJC_ROOT_CLASS = YES_ERROR;
				CLANG_WARN_QUOTED_INCLUDE_IN_FRAMEWORK_HEADER = YES;
				CLANG_WARN_RANGE_LOOP_ANALYSIS = YES;
				CLANG_WARN_STRICT_PROTOTYPES = YES;
				CLANG_WARN_SUSPICIOUS_MOVE = YES;
				CLANG_WARN_UNGUARDED_AVAILABILITY = YES_AGGRESSIVE;
				CLANG_WARN_UNREACHABLE_CODE = YES;
				CLANG_WARN__DUPLICATE_METHOD_MATCH = YES;
				COPY_PHASE_STRIP = NO;
				DEBUG_INFORMATION_FORMAT = "dwarf-with-dsym";
				ENABLE_NS_ASSERTIONS = NO;
				ENABLE_STRICT_OBJC_MSGSEND = YES;
				GCC_C_LANGUAGE_STANDARD = gnu11;
				GCC_NO_COMMON_BLOCKS = YES;
				GCC_WARN_64_TO_32_BIT_CONVERSION = YES;
				GCC_WARN_ABOUT_RETURN_TYPE = YES_ERROR;
				GCC_WARN_UNDECLARED_SELECTOR = YES;
				GCC_WARN_UNINITIALIZED_AUTOS = YES_AGGRESSIVE;
				GCC_WARN_UNUSED_FUNCTION = YES;
				GCC_WARN_UNUSED_VARIABLE = YES;
				IPHONEOS_DEPLOYMENT_TARGET = 14.4;
				MTL_ENABLE_DEBUG_INFO = NO;
				MTL_FAST_MATH = YES;
				SDKROOT = iphoneos;
				SWIFT_COMPILATION_MODE = wholemodule;
				SWIFT_OPTIMIZATION_LEVEL = "-O";
				VALIDATE_PRODUCT = YES;
			};
			name = Release;
		};
		B7559FA226ADB81700EDAF46 /* Debug */ = {
			isa = XCBuildConfiguration;
			buildSettings = {
				ASSETCATALOG_COMPILER_APPICON_NAME = AppIcon;
				ASSETCATALOG_COMPILER_GLOBAL_ACCENT_COLOR_NAME = AccentColor;
				CODE_SIGN_STYLE = Automatic;
				DEVELOPMENT_ASSET_PATHS = "\"Universidad De Bastos/Preview Content\"";
				DEVELOPMENT_TEAM = YQXC42GR6S;
				ENABLE_PREVIEWS = YES;
				INFOPLIST_FILE = "Universidad De Bastos/Info.plist";
				IPHONEOS_DEPLOYMENT_TARGET = 14.0;
				LD_RUNPATH_SEARCH_PATHS = (
					"$(inherited)",
					"@executable_path/Frameworks",
				);
				PRODUCT_BUNDLE_IDENTIFIER = "jwyman328.Universidad-De-Bastos";
				PRODUCT_NAME = "$(TARGET_NAME)";
				SWIFT_VERSION = 5.0;
				TARGETED_DEVICE_FAMILY = "1,2";
			};
			name = Debug;
		};
		B7559FA326ADB81700EDAF46 /* Release */ = {
			isa = XCBuildConfiguration;
			buildSettings = {
				ASSETCATALOG_COMPILER_APPICON_NAME = AppIcon;
				ASSETCATALOG_COMPILER_GLOBAL_ACCENT_COLOR_NAME = AccentColor;
				CODE_SIGN_STYLE = Automatic;
				DEVELOPMENT_ASSET_PATHS = "\"Universidad De Bastos/Preview Content\"";
				DEVELOPMENT_TEAM = YQXC42GR6S;
				ENABLE_PREVIEWS = YES;
				INFOPLIST_FILE = "Universidad De Bastos/Info.plist";
				IPHONEOS_DEPLOYMENT_TARGET = 14.0;
				LD_RUNPATH_SEARCH_PATHS = (
					"$(inherited)",
					"@executable_path/Frameworks",
				);
				PRODUCT_BUNDLE_IDENTIFIER = "jwyman328.Universidad-De-Bastos";
				PRODUCT_NAME = "$(TARGET_NAME)";
				SWIFT_VERSION = 5.0;
				TARGETED_DEVICE_FAMILY = "1,2";
			};
			name = Release;
		};
/* End XCBuildConfiguration section */

/* Begin XCConfigurationList section */
		B7559F8D26ADB81400EDAF46 /* Build configuration list for PBXProject "Universidad De Bastos" */ = {
			isa = XCConfigurationList;
			buildConfigurations = (
				B7559F9F26ADB81700EDAF46 /* Debug */,
				B7559FA026ADB81700EDAF46 /* Release */,
			);
			defaultConfigurationIsVisible = 0;
			defaultConfigurationName = Release;
		};
		B7559FA126ADB81700EDAF46 /* Build configuration list for PBXNativeTarget "Universidad De Bastos" */ = {
			isa = XCConfigurationList;
			buildConfigurations = (
				B7559FA226ADB81700EDAF46 /* Debug */,
				B7559FA326ADB81700EDAF46 /* Release */,
			);
			defaultConfigurationIsVisible = 0;
			defaultConfigurationName = Release;
		};
/* End XCConfigurationList section */

/* Begin XCRemoteSwiftPackageReference section */
		B75DDB2A26B5EFBB007FE393 /* XCRemoteSwiftPackageReference "AsyncImage" */ = {
			isa = XCRemoteSwiftPackageReference;
			repositoryURL = "https://github.com/zzzzeu/AsyncImage.git";
			requirement = {
				kind = upToNextMajorVersion;
				minimumVersion = 0.0.1;
			};
		};
		B75DDB2E26B6DDA7007FE393 /* XCRemoteSwiftPackageReference "url-image" */ = {
			isa = XCRemoteSwiftPackageReference;
			repositoryURL = "https://github.com/dmytro-anokhin/url-image";
			requirement = {
				kind = upToNextMajorVersion;
				minimumVersion = 3.1.0;
			};
		};
/* End XCRemoteSwiftPackageReference section */

/* Begin XCSwiftPackageProductDependency section */
		B75DDB2B26B5EFBB007FE393 /* AsyncImage */ = {
			isa = XCSwiftPackageProductDependency;
			package = B75DDB2A26B5EFBB007FE393 /* XCRemoteSwiftPackageReference "AsyncImage" */;
			productName = AsyncImage;
		};
		B75DDB2F26B6DDA7007FE393 /* URLImageStore */ = {
			isa = XCSwiftPackageProductDependency;
			package = B75DDB2E26B6DDA7007FE393 /* XCRemoteSwiftPackageReference "url-image" */;
			productName = URLImageStore;
		};
		B75DDB3126B6DDA7007FE393 /* URLImage */ = {
			isa = XCSwiftPackageProductDependency;
			package = B75DDB2E26B6DDA7007FE393 /* XCRemoteSwiftPackageReference "url-image" */;
			productName = URLImage;
		};
/* End XCSwiftPackageProductDependency section */
	};
	rootObject = B7559F8A26ADB81400EDAF46 /* Project object */;
}
